{
  "name": "pinkdopeybug",
  "version": "0.0.1",
  "lockfileVersion": 3,
  "requires": true,
  "packages": {
    "": {
      "name": "pinkdopeybug",
      "version": "0.0.1",
      "dependencies": {
        "pinkdopeybug": "file:"
      },
      "engines": {
        "vscode": "^1.94.0"
      }
    },
    "node_modules/pinkdopeybug": {
      "resolved": "",
      "link": true
    }
  }
}
